// !$*UTF8*$!
{
	archiveVersion = 1;
	classes = {
	};
	objectVersion = 50;
	objects = {

/* Begin PBXBuildFile section */
		DEE6F31123332C8E0018CE07 /* AppDelegate.swift in Sources */ = {isa = PBXBuildFile; fileRef = DEE6F31023332C8E0018CE07 /* AppDelegate.swift */; };
		DEE6F31323332C8E0018CE07 /* SceneDelegate.swift in Sources */ = {isa = PBXBuildFile; fileRef = DEE6F31223332C8E0018CE07 /* SceneDelegate.swift */; };
		DEE6F31623332C8E0018CE07 /* ProgramaticNavigationFromNonSwiftUIViews.xcdatamodeld in Sources */ = {isa = PBXBuildFile; fileRef = DEE6F31423332C8E0018CE07 /* ProgramaticNavigationFromNonSwiftUIViews.xcdatamodeld */; };
		DEE6F31823332C8E0018CE07 /* ContentView.swift in Sources */ = {isa = PBXBuildFile; fileRef = DEE6F31723332C8E0018CE07 /* ContentView.swift */; };
		DEE6F31A23332C8F0018CE07 /* Assets.xcassets in Resources */ = {isa = PBXBuildFile; fileRef = DEE6F31923332C8F0018CE07 /* Assets.xcassets */; };
		DEE6F31D23332C8F0018CE07 /* Preview Assets.xcassets in Resources */ = {isa = PBXBuildFile; fileRef = DEE6F31C23332C8F0018CE07 /* Preview Assets.xcassets */; };
		DEE6F32023332C8F0018CE07 /* LaunchScreen.storyboard in Resources */ = {isa = PBXBuildFile; fileRef = DEE6F31E23332C8F0018CE07 /* LaunchScreen.storyboard */; };
		DEE6F32823332CBF0018CE07 /* CameraView.swift in Sources */ = {isa = PBXBuildFile; fileRef = DEE6F32723332CBF0018CE07 /* CameraView.swift */; };
		DEE6F32A23332CCB0018CE07 /* CameraState.swift in Sources */ = {isa = PBXBuildFile; fileRef = DEE6F32923332CCB0018CE07 /* CameraState.swift */; };
		DEE6F33223333A800018CE07 /* DismissView.swift in Sources */ = {isa = PBXBuildFile; fileRef = DEE6F33123333A800018CE07 /* DismissView.swift */; };
		DEE6F33423333B1C0018CE07 /* ShouldDismiss.swift in Sources */ = {isa = PBXBuildFile; fileRef = DEE6F33323333B1C0018CE07 /* ShouldDismiss.swift */; };
/* End PBXBuildFile section */

/* Begin PBXFileReference section */
		DEE6F30D23332C8E0018CE07 /* ProgramaticNavigationFromNonSwiftUIViews.app */ = {isa = PBXFileReference; explicitFileType = wrapper.application; includeInIndex = 0; path = ProgramaticNavigationFromNonSwiftUIViews.app; sourceTree = BUILT_PRODUCTS_DIR; };
		DEE6F31023332C8E0018CE07 /* AppDelegate.swift */ = {isa = PBXFileReference; lastKnownFileType = sourcecode.swift; path = AppDelegate.swift; sourceTree = "<group>"; };
		DEE6F31223332C8E0018CE07 /* SceneDelegate.swift */ = {isa = PBXFileReference; lastKnownFileType = sourcecode.swift; path = SceneDelegate.swift; sourceTree = "<group>"; };
		DEE6F31523332C8E0018CE07 /* ProgramaticNavigationFromNonSwiftUIViews.xcdatamodel */ = {isa = PBXFileReference; lastKnownFileType = wrapper.xcdatamodel; path = ProgramaticNavigationFromNonSwiftUIViews.xcdatamodel; sourceTree = "<group>"; };
		DEE6F31723332C8E0018CE07 /* ContentView.swift */ = {isa = PBXFileReference; lastKnownFileType = sourcecode.swift; path = ContentView.swift; sourceTree = "<group>"; };
		DEE6F31923332C8F0018CE07 /* Assets.xcassets */ = {isa = PBXFileReference; lastKnownFileType = folder.assetcatalog; path = Assets.xcassets; sourceTree = "<group>"; };
		DEE6F31C23332C8F0018CE07 /* Preview Assets.xcassets */ = {isa = PBXFileReference; lastKnownFileType = folder.assetcatalog; path = "Preview Assets.xcassets"; sourceTree = "<group>"; };
		DEE6F31F23332C8F0018CE07 /* Base */ = {isa = PBXFileReference; lastKnownFileType = file.storyboard; name = Base; path = Base.lproj/LaunchScreen.storyboard; sourceTree = "<group>"; };
		DEE6F32123332C8F0018CE07 /* Info.plist */ = {isa = PBXFileReference; lastKnownFileType = text.plist.xml; path = Info.plist; sourceTree = "<group>"; };
		DEE6F32723332CBF0018CE07 /* CameraView.swift */ = {isa = PBXFileReference; lastKnownFileType = sourcecode.swift; path = CameraView.swift; sourceTree = "<group>"; };
		DEE6F32923332CCB0018CE07 /* CameraState.swift */ = {isa = PBXFileReference; lastKnownFileType = sourcecode.swift; path = CameraState.swift; sourceTree = "<group>"; };
		DEE6F33123333A800018CE07 /* DismissView.swift */ = {isa = PBXFileReference; lastKnownFileType = sourcecode.swift; path = DismissView.swift; sourceTree = "<group>"; };
		DEE6F33323333B1C0018CE07 /* ShouldDismiss.swift */ = {isa = PBXFileReference; lastKnownFileType = sourcecode.swift; path = ShouldDismiss.swift; sourceTree = "<group>"; };
/* End PBXFileReference section */

/* Begin PBXFrameworksBuildPhase section */
		DEE6F30A23332C8E0018CE07 /* Frameworks */ = {
			isa = PBXFrameworksBuildPhase;
			buildActionMask = 2147483647;
			files = (
			);
			runOnlyForDeploymentPostprocessing = 0;
		};
/* End PBXFrameworksBuildPhase section */

/* Begin PBXGroup section */
		DEE6F30423332C8E0018CE07 = {
			isa = PBXGroup;
			children = (
				DEE6F30F23332C8E0018CE07 /* ProgramaticNavigationFromNonSwiftUIViews */,
				DEE6F30E23332C8E0018CE07 /* Products */,
			);
			sourceTree = "<group>";
		};
		DEE6F30E23332C8E0018CE07 /* Products */ = {
			isa = PBXGroup;
			children = (
				DEE6F30D23332C8E0018CE07 /* ProgramaticNavigationFromNonSwiftUIViews.app */,
			);
			name = Products;
			sourceTree = "<group>";
		};
		DEE6F30F23332C8E0018CE07 /* ProgramaticNavigationFromNonSwiftUIViews */ = {
			isa = PBXGroup;
			children = (
				DEE6F31023332C8E0018CE07 /* AppDelegate.swift */,
				DEE6F31223332C8E0018CE07 /* SceneDelegate.swift */,
				DEE6F31723332C8E0018CE07 /* ContentView.swift */,
				DEE6F31923332C8F0018CE07 /* Assets.xcassets */,
				DEE6F31E23332C8F0018CE07 /* LaunchScreen.storyboard */,
				DEE6F32123332C8F0018CE07 /* Info.plist */,
				DEE6F31423332C8E0018CE07 /* ProgramaticNavigationFromNonSwiftUIViews.xcdatamodeld */,
				DEE6F31B23332C8F0018CE07 /* Preview Content */,
				DEE6F32723332CBF0018CE07 /* CameraView.swift */,
				DEE6F32923332CCB0018CE07 /* CameraState.swift */,
				DEE6F33123333A800018CE07 /* DismissView.swift */,
				DEE6F33323333B1C0018CE07 /* ShouldDismiss.swift */,
			);
			path = ProgramaticNavigationFromNonSwiftUIViews;
			sourceTree = "<group>";
		};
		DEE6F31B23332C8F0018CE07 /* Preview Content */ = {
			isa = PBXGroup;
			children = (
				DEE6F31C23332C8F0018CE07 /* Preview Assets.xcassets */,
			);
			path = "Preview Content";
			sourceTree = "<group>";
		};
/* End PBXGroup section */

/* Begin PBXNativeTarget section */
		DEE6F30C23332C8E0018CE07 /* ProgramaticNavigationFromNonSwiftUIViews */ = {
			isa = PBXNativeTarget;
			buildConfigurationList = DEE6F32423332C8F0018CE07 /* Build configuration list for PBXNativeTarget "ProgramaticNavigationFromNonSwiftUIViews" */;
			buildPhases = (
				DEE6F30923332C8E0018CE07 /* Sources */,
				DEE6F30A23332C8E0018CE07 /* Frameworks */,
				DEE6F30B23332C8E0018CE07 /* Resources */,
			);
			buildRules = (
			);
			dependencies = (
			);
			name = ProgramaticNavigationFromNonSwiftUIViews;
			productName = ProgramaticNavigationFromNonSwiftUIViews;
			productReference = DEE6F30D23332C8E0018CE07 /* ProgramaticNavigationFromNonSwiftUIViews.app */;
			productType = "com.apple.product-type.application";
		};
/* End PBXNativeTarget section */

/* Begin PBXProject section */
		DEE6F30523332C8E0018CE07 /* Project object */ = {
			isa = PBXProject;
			attributes = {
				LastSwiftUpdateCheck = 1100;
				LastUpgradeCheck = 1100;
				ORGANIZATIONNAME = SchwiftyUI;
				TargetAttributes = {
					DEE6F30C23332C8E0018CE07 = {
						CreatedOnToolsVersion = 11.0;
					};
				};
			};
			buildConfigurationList = DEE6F30823332C8E0018CE07 /* Build configuration list for PBXProject "ProgramaticNavigationFromNonSwiftUIViews" */;
			compatibilityVersion = "Xcode 9.3";
			developmentRegion = en;
			hasScannedForEncodings = 0;
			knownRegions = (
				en,
				Base,
			);
			mainGroup = DEE6F30423332C8E0018CE07;
			productRefGroup = DEE6F30E23332C8E0018CE07 /* Products */;
			projectDirPath = "";
			projectRoot = "";
			targets = (
				DEE6F30C23332C8E0018CE07 /* ProgramaticNavigationFromNonSwiftUIViews */,
			);
		};
/* End PBXProject section */

/* Begin PBXResourcesBuildPhase section */
		DEE6F30B23332C8E0018CE07 /* Resources */ = {
			isa = PBXResourcesBuildPhase;
			buildActionMask = 2147483647;
			files = (
				DEE6F32023332C8F0018CE07 /* LaunchScreen.storyboard in Resources */,
				DEE6F31D23332C8F0018CE07 /* Preview Assets.xcassets in Resources */,
				DEE6F31A23332C8F0018CE07 /* Assets.xcassets in Resources */,
			);
			runOnlyForDeploymentPostprocessing = 0;
		};
/* End PBXResourcesBuildPhase section */

/* Begin PBXSourcesBuildPhase section */
		DEE6F30923332C8E0018CE07 /* Sources */ = {
			isa = PBXSourcesBuildPhase;
			buildActionMask = 2147483647;
			files = (
				DEE6F32A23332CCB0018CE07 /* CameraState.swift in Sources */,
				DEE6F33423333B1C0018CE07 /* ShouldDismiss.swift in Sources */,
				DEE6F31123332C8E0018CE07 /* AppDelegate.swift in Sources */,
				DEE6F31623332C8E0018CE07 /* ProgramaticNavigationFromNonSwiftUIViews.xcdatamodeld in Sources */,
				DEE6F31823332C8E0018CE07 /* ContentView.swift in Sources */,
				DEE6F32823332CBF0018CE07 /* CameraView.swift in Sources */,
				DEE6F33223333A800018CE07 /* DismissView.swift in Sources */,
				DEE6F31323332C8E0018CE07 /* SceneDelegate.swift in Sources */,
			);
			runOnlyForDeploymentPostprocessing = 0;
		};
/* End PBXSourcesBuildPhase section */

/* Begin PBXVariantGroup section */
		DEE6F31E23332C8F0018CE07 /* LaunchScreen.storyboard */ = {
			isa = PBXVariantGroup;
			children = (
				DEE6F31F23332C8F0018CE07 /* Base */,
			);
			name = LaunchScreen.storyboard;
			sourceTree = "<group>";
		};
/* End PBXVariantGroup section */

/* Begin XCBuildConfiguration section */
		DEE6F32223332C8F0018CE07 /* Debug */ = {
			isa = XCBuildConfiguration;
			buildSettings = {
				ALWAYS_SEARCH_USER_PATHS = NO;
				CLANG_ANALYZER_NONNULL = YES;
				CLANG_ANALYZER_NUMBER_OBJECT_CONVERSION = YES_AGGRESSIVE;
				CLANG_CXX_LANGUAGE_STANDARD = "gnu++14";
				CLANG_CXX_LIBRARY = "libc++";
				CLANG_ENABLE_MODULES = YES;
				CLANG_ENABLE_OBJC_ARC = YES;
				CLANG_ENABLE_OBJC_WEAK = YES;
				CLANG_WARN_BLOCK_CAPTURE_AUTORELEASING = YES;
				CLANG_WARN_BOOL_CONVERSION = YES;
				CLANG_WARN_COMMA = YES;
				CLANG_WARN_CONSTANT_CONVERSION = YES;
				CLANG_WARN_DEPRECATED_OBJC_IMPLEMENTATIONS = YES;
				CLANG_WARN_DIRECT_OBJC_ISA_USAGE = YES_ERROR;
				CLANG_WARN_DOCUMENTATION_COMMENTS = YES;
				CLANG_WARN_EMPTY_BODY = YES;
				CLANG_WARN_ENUM_CONVERSION = YES;
				CLANG_WARN_INFINITE_RECURSION = YES;
				CLANG_WARN_INT_CONVERSION = YES;
				CLANG_WARN_NON_LITERAL_NULL_CONVERSION = YES;
				CLANG_WARN_OBJC_IMPLICIT_RETAIN_SELF = YES;
				CLANG_WARN_OBJC_LITERAL_CONVERSION = YES;
				CLANG_WARN_OBJC_ROOT_CLASS = YES_ERROR;
				CLANG_WARN_RANGE_LOOP_ANALYSIS = YES;
				CLANG_WARN_STRICT_PROTOTYPES = YES;
				CLANG_WARN_SUSPICIOUS_MOVE = YES;
				CLANG_WARN_UNGUARDED_AVAILABILITY = YES_AGGRESSIVE;
				CLANG_WARN_UNREACHABLE_CODE = YES;
				CLANG_WARN__DUPLICATE_METHOD_MATCH = YES;
				COPY_PHASE_STRIP = NO;
				DEBUG_INFORMATION_FORMAT = dwarf;
				ENABLE_STRICT_OBJC_MSGSEND = YES;
				ENABLE_TESTABILITY = YES;
				GCC_C_LANGUAGE_STANDARD = gnu11;
				GCC_DYNAMIC_NO_PIC = NO;
				GCC_NO_COMMON_BLOCKS = YES;
				GCC_OPTIMIZATION_LEVEL = 0;
				GCC_PREPROCESSOR_DEFINITIONS = (
					"DEBUG=1",
					"$(inherited)",
				);
				GCC_WARN_64_TO_32_BIT_CONVERSION = YES;
				GCC_WARN_ABOUT_RETURN_TYPE = YES_ERROR;
				GCC_WARN_UNDECLARED_SELECTOR = YES;
				GCC_WARN_UNINITIALIZED_AUTOS = YES_AGGRESSIVE;
				GCC_WARN_UNUSED_FUNCTION = YES;
				GCC_WARN_UNUSED_VARIABLE = YES;
				IPHONEOS_DEPLOYMENT_TARGET = 13.0;
				MTL_ENABLE_DEBUG_INFO = INCLUDE_SOURCE;
				MTL_FAST_MATH = YES;
				ONLY_ACTIVE_ARCH = YES;
				SDKROOT = iphoneos;
				SWIFT_ACTIVE_COMPILATION_CONDITIONS = DEBUG;
				SWIFT_OPTIMIZATION_LEVEL = "-Onone";
			};
			name = Debug;
		};
		DEE6F32323332C8F0018CE07 /* Release */ = {
			isa = XCBuildConfiguration;
			buildSettings = {
				ALWAYS_SEARCH_USER_PATHS = NO;
				CLANG_ANALYZER_NONNULL = YES;
				CLANG_ANALYZER_NUMBER_OBJECT_CONVERSION = YES_AGGRESSIVE;
				CLANG_CXX_LANGUAGE_STANDARD = "gnu++14";
				CLANG_CXX_LIBRARY = "libc++";
				CLANG_ENABLE_MODULES = YES;
				CLANG_ENABLE_OBJC_ARC = YES;
				CLANG_ENABLE_OBJC_WEAK = YES;
				CLANG_WARN_BLOCK_CAPTURE_AUTORELEASING = YES;
				CLANG_WARN_BOOL_CONVERSION = YES;
				CLANG_WARN_COMMA = YES;
				CLANG_WARN_CONSTANT_CONVERSION = YES;
				CLANG_WARN_DEPRECATED_OBJC_IMPLEMENTATIONS = YES;
				CLANG_WARN_DIRECT_OBJC_ISA_USAGE = YES_ERROR;
				CLANG_WARN_DOCUMENTATION_COMMENTS = YES;
				CLANG_WARN_EMPTY_BODY = YES;
				CLANG_WARN_ENUM_CONVERSION = YES;
				CLANG_WARN_INFINITE_RECURSION = YES;
				CLANG_WARN_INT_CONVERSION = YES;
				CLANG_WARN_NON_LITERAL_NULL_CONVERSION = YES;
				CLANG_WARN_OBJC_IMPLICIT_RETAIN_SELF = YES;
				CLANG_WARN_OBJC_LITERAL_CONVERSION = YES;
				CLANG_WARN_OBJC_ROOT_CLASS = YES_ERROR;
				CLANG_WARN_RANGE_LOOP_ANALYSIS = YES;
				CLANG_WARN_STRICT_PROTOTYPES = YES;
				CLANG_WARN_SUSPICIOUS_MOVE = YES;
				CLANG_WARN_UNGUARDED_AVAILABILITY = YES_AGGRESSIVE;
				CLANG_WARN_UNREACHABLE_CODE = YES;
				CLANG_WARN__DUPLICATE_METHOD_MATCH = YES;
				COPY_PHASE_STRIP = NO;
				DEBUG_INFORMATION_FORMAT = "dwarf-with-dsym";
				ENABLE_NS_ASSERTIONS = NO;
				ENABLE_STRICT_OBJC_MSGSEND = YES;
				GCC_C_LANGUAGE_STANDARD = gnu11;
				GCC_NO_COMMON_BLOCKS = YES;
				GCC_WARN_64_TO_32_BIT_CONVERSION = YES;
				GCC_WARN_ABOUT_RETURN_TYPE = YES_ERROR;
				GCC_WARN_UNDECLARED_SELECTOR = YES;
				GCC_WARN_UNINITIALIZED_AUTOS = YES_AGGRESSIVE;
				GCC_WARN_UNUSED_FUNCTION = YES;
				GCC_WARN_UNUSED_VARIABLE = YES;
				IPHONEOS_DEPLOYMENT_TARGET = 13.0;
				MTL_ENABLE_DEBUG_INFO = NO;
				MTL_FAST_MATH = YES;
				SDKROOT = iphoneos;
				SWIFT_COMPILATION_MODE = wholemodule;
				SWIFT_OPTIMIZATION_LEVEL = "-O";
				VALIDATE_PRODUCT = YES;
			};
			name = Release;
		};
		DEE6F32523332C8F0018CE07 /* Debug */ = {
			isa = XCBuildConfiguration;
			buildSettings = {
				ASSETCATALOG_COMPILER_APPICON_NAME = AppIcon;
				CODE_SIGN_STYLE = Automatic;
				DEVELOPMENT_ASSET_PATHS = "\"ProgramaticNavigationFromNonSwiftUIViews/Preview Content\"";
				ENABLE_PREVIEWS = YES;
				INFOPLIST_FILE = ProgramaticNavigationFromNonSwiftUIViews/Info.plist;
				LD_RUNPATH_SEARCH_PATHS = (
					"$(inherited)",
					"@executable_path/Frameworks",
				);
				PRODUCT_BUNDLE_IDENTIFIER = com.SchwiftyUI.ProgramaticNavigationFromNonSwiftUIViews;
				PRODUCT_NAME = "$(TARGET_NAME)";
				SWIFT_VERSION = 5.0;
				TARGETED_DEVICE_FAMILY = "1,2";
			};
			name = Debug;
		};
		DEE6F32623332C8F0018CE07 /* Release */ = {
			isa = XCBuildConfiguration;
			buildSettings = {
				ASSETCATALOG_COMPILER_APPICON_NAME = AppIcon;
				CODE_SIGN_STYLE = Automatic;
				DEVELOPMENT_ASSET_PATHS = "\"ProgramaticNavigationFromNonSwiftUIViews/Preview Content\"";
				ENABLE_PREVIEWS = YES;
				INFOPLIST_FILE = ProgramaticNavigationFromNonSwiftUIViews/Info.plist;
				LD_RUNPATH_SEARCH_PATHS = (
					"$(inherited)",
					"@executable_path/Frameworks",
				);
				PRODUCT_BUNDLE_IDENTIFIER = com.SchwiftyUI.ProgramaticNavigationFromNonSwiftUIViews;
				PRODUCT_NAME = "$(TARGET_NAME)";
				SWIFT_VERSION = 5.0;
				TARGETED_DEVICE_FAMILY = "1,2";
			};
			name = Release;
		};
/* End XCBuildConfiguration section */

/* Begin XCConfigurationList section */
		DEE6F30823332C8E0018CE07 /* Build configuration list for PBXProject "ProgramaticNavigationFromNonSwiftUIViews" */ = {
			isa = XCConfigurationList;
			buildConfigurations = (
				DEE6F32223332C8F0018CE07 /* Debug */,
				DEE6F32323332C8F0018CE07 /* Release */,
			);
			defaultConfigurationIsVisible = 0;
			defaultConfigurationName = Release;
		};
		DEE6F32423332C8F0018CE07 /* Build configuration list for PBXNativeTarget "ProgramaticNavigationFromNonSwiftUIViews" */ = {
			isa = XCConfigurationList;
			buildConfigurations = (
				DEE6F32523332C8F0018CE07 /* Debug */,
				DEE6F32623332C8F0018CE07 /* Release */,
			);
			defaultConfigurationIsVisible = 0;
			defaultConfigurationName = Release;
		};
/* End XCConfigurationList section */

/* Begin XCVersionGroup section */
		DEE6F31423332C8E0018CE07 /* ProgramaticNavigationFromNonSwiftUIViews.xcdatamodeld */ = {
			isa = XCVersionGroup;
			children = (
				DEE6F31523332C8E0018CE07 /* ProgramaticNavigationFromNonSwiftUIViews.xcdatamodel */,
			);
			currentVersion = DEE6F31523332C8E0018CE07 /* ProgramaticNavigationFromNonSwiftUIViews.xcdatamodel */;
			path = ProgramaticNavigationFromNonSwiftUIViews.xcdatamodeld;
			sourceTree = "<group>";
			versionGroupType = wrapper.xcdatamodel;
		};
/* End XCVersionGroup section */
	};
	rootObject = DEE6F30523332C8E0018CE07 /* Project object */;
}
